// !$*UTF8*$!
{
	archiveVersion = 1;
	classes = {
	};
	objectVersion = 50;
	objects = {

/* Begin PBXBuildFile section */
		899366BF2470653C00E7AC50 /* PopularMovieViewModel.swift in Sources */ = {isa = PBXBuildFile; fileRef = 899366BE2470653C00E7AC50 /* PopularMovieViewModel.swift */; };
		899366C2247071AA00E7AC50 /* ActivityIndicatorView.swift in Sources */ = {isa = PBXBuildFile; fileRef = 899366C1247071AA00E7AC50 /* ActivityIndicatorView.swift */; };
		899366C42470720C00E7AC50 /* MovieItem.swift in Sources */ = {isa = PBXBuildFile; fileRef = 899366C32470720C00E7AC50 /* MovieItem.swift */; };
		899F9B6B2470476D00C9B18E /* AppDelegate.swift in Sources */ = {isa = PBXBuildFile; fileRef = 899F9B6A2470476D00C9B18E /* AppDelegate.swift */; };
		899F9B6D2470476D00C9B18E /* SceneDelegate.swift in Sources */ = {isa = PBXBuildFile; fileRef = 899F9B6C2470476D00C9B18E /* SceneDelegate.swift */; };
		899F9B6F2470476D00C9B18E /* ContentView.swift in Sources */ = {isa = PBXBuildFile; fileRef = 899F9B6E2470476D00C9B18E /* ContentView.swift */; };
		899F9B712470477000C9B18E /* Assets.xcassets in Resources */ = {isa = PBXBuildFile; fileRef = 899F9B702470477000C9B18E /* Assets.xcassets */; };
		899F9B742470477000C9B18E /* Preview Assets.xcassets in Resources */ = {isa = PBXBuildFile; fileRef = 899F9B732470477000C9B18E /* Preview Assets.xcassets */; };
		899F9B772470477000C9B18E /* LaunchScreen.storyboard in Resources */ = {isa = PBXBuildFile; fileRef = 899F9B752470477000C9B18E /* LaunchScreen.storyboard */; };
		899F9B8324704CAC00C9B18E /* MovieResponse.swift in Sources */ = {isa = PBXBuildFile; fileRef = 899F9B8224704CAC00C9B18E /* MovieResponse.swift */; };
		899F9B862470507600C9B18E /* ApiService.swift in Sources */ = {isa = PBXBuildFile; fileRef = 899F9B852470507600C9B18E /* ApiService.swift */; };
		899F9B892470557100C9B18E /* Helper.swift in Sources */ = {isa = PBXBuildFile; fileRef = 899F9B882470557100C9B18E /* Helper.swift */; };
/* End PBXBuildFile section */

/* Begin PBXFileReference section */
		899366BE2470653C00E7AC50 /* PopularMovieViewModel.swift */ = {isa = PBXFileReference; lastKnownFileType = sourcecode.swift; path = PopularMovieViewModel.swift; sourceTree = "<group>"; };
		899366C1247071AA00E7AC50 /* ActivityIndicatorView.swift */ = {isa = PBXFileReference; lastKnownFileType = sourcecode.swift; path = ActivityIndicatorView.swift; sourceTree = "<group>"; };
		899366C32470720C00E7AC50 /* MovieItem.swift */ = {isa = PBXFileReference; lastKnownFileType = sourcecode.swift; path = MovieItem.swift; sourceTree = "<group>"; };
		899F9B672470476D00C9B18E /* Final Project Dicoding.app */ = {isa = PBXFileReference; explicitFileType = wrapper.application; includeInIndex = 0; path = "Final Project Dicoding.app"; sourceTree = BUILT_PRODUCTS_DIR; };
		899F9B6A2470476D00C9B18E /* AppDelegate.swift */ = {isa = PBXFileReference; lastKnownFileType = sourcecode.swift; path = AppDelegate.swift; sourceTree = "<group>"; };
		899F9B6C2470476D00C9B18E /* SceneDelegate.swift */ = {isa = PBXFileReference; lastKnownFileType = sourcecode.swift; path = SceneDelegate.swift; sourceTree = "<group>"; };
		899F9B6E2470476D00C9B18E /* ContentView.swift */ = {isa = PBXFileReference; lastKnownFileType = sourcecode.swift; path = ContentView.swift; sourceTree = "<group>"; };
		899F9B702470477000C9B18E /* Assets.xcassets */ = {isa = PBXFileReference; lastKnownFileType = folder.assetcatalog; path = Assets.xcassets; sourceTree = "<group>"; };
		899F9B732470477000C9B18E /* Preview Assets.xcassets */ = {isa = PBXFileReference; lastKnownFileType = folder.assetcatalog; path = "Preview Assets.xcassets"; sourceTree = "<group>"; };
		899F9B762470477000C9B18E /* Base */ = {isa = PBXFileReference; lastKnownFileType = file.storyboard; name = Base; path = Base.lproj/LaunchScreen.storyboard; sourceTree = "<group>"; };
		899F9B782470477000C9B18E /* Info.plist */ = {isa = PBXFileReference; lastKnownFileType = text.plist.xml; path = Info.plist; sourceTree = "<group>"; };
		899F9B8224704CAC00C9B18E /* MovieResponse.swift */ = {isa = PBXFileReference; lastKnownFileType = sourcecode.swift; path = MovieResponse.swift; sourceTree = "<group>"; };
		899F9B852470507600C9B18E /* ApiService.swift */ = {isa = PBXFileReference; lastKnownFileType = sourcecode.swift; path = ApiService.swift; sourceTree = "<group>"; };
		899F9B882470557100C9B18E /* Helper.swift */ = {isa = PBXFileReference; lastKnownFileType = sourcecode.swift; path = Helper.swift; sourceTree = "<group>"; };
/* End PBXFileReference section */

/* Begin PBXFrameworksBuildPhase section */
		899F9B642470476D00C9B18E /* Frameworks */ = {
			isa = PBXFrameworksBuildPhase;
			buildActionMask = 2147483647;
			files = (
			);
			runOnlyForDeploymentPostprocessing = 0;
		};
/* End PBXFrameworksBuildPhase section */

/* Begin PBXGroup section */
		899366BD2470651F00E7AC50 /* view model */ = {
			isa = PBXGroup;
			children = (
				899366BE2470653C00E7AC50 /* PopularMovieViewModel.swift */,
			);
			path = "view model";
			sourceTree = "<group>";
		};
		899366C02470718A00E7AC50 /* UIKitViews */ = {
			isa = PBXGroup;
			children = (
				899366C1247071AA00E7AC50 /* ActivityIndicatorView.swift */,
			);
			path = UIKitViews;
			sourceTree = "<group>";
		};
		899F9B5E2470476D00C9B18E = {
			isa = PBXGroup;
			children = (
				899F9B692470476D00C9B18E /* Final Project Dicoding */,
				899F9B682470476D00C9B18E /* Products */,
			);
			sourceTree = "<group>";
		};
		899F9B682470476D00C9B18E /* Products */ = {
			isa = PBXGroup;
			children = (
				899F9B672470476D00C9B18E /* Final Project Dicoding.app */,
			);
			name = Products;
			sourceTree = "<group>";
		};
		899F9B692470476D00C9B18E /* Final Project Dicoding */ = {
			isa = PBXGroup;
			children = (
				899366BD2470651F00E7AC50 /* view model */,
				899F9B872470556200C9B18E /* external */,
				899F9B8424704FDE00C9B18E /* app */,
				899F9B7F247048D400C9B18E /* data */,
				899F9B7E247047E300C9B18E /* view */,
				899F9B702470477000C9B18E /* Assets.xcassets */,
				899F9B752470477000C9B18E /* LaunchScreen.storyboard */,
				899F9B782470477000C9B18E /* Info.plist */,
				899F9B722470477000C9B18E /* Preview Content */,
			);
			path = "Final Project Dicoding";
			sourceTree = "<group>";
		};
		899F9B722470477000C9B18E /* Preview Content */ = {
			isa = PBXGroup;
			children = (
				899F9B732470477000C9B18E /* Preview Assets.xcassets */,
			);
			path = "Preview Content";
			sourceTree = "<group>";
		};
		899F9B7E247047E300C9B18E /* view */ = {
			isa = PBXGroup;
			children = (
				899366C02470718A00E7AC50 /* UIKitViews */,
				899F9B6E2470476D00C9B18E /* ContentView.swift */,
				899366C32470720C00E7AC50 /* MovieItem.swift */,
			);
			path = view;
			sourceTree = "<group>";
		};
		899F9B7F247048D400C9B18E /* data */ = {
			isa = PBXGroup;
			children = (
				899F9B81247048F500C9B18E /* network */,
				899F9B80247048E700C9B18E /* model */,
			);
			path = data;
			sourceTree = "<group>";
		};
		899F9B80247048E700C9B18E /* model */ = {
			isa = PBXGroup;
			children = (
				899F9B8224704CAC00C9B18E /* MovieResponse.swift */,
			);
			path = model;
			sourceTree = "<group>";
		};
		899F9B81247048F500C9B18E /* network */ = {
			isa = PBXGroup;
			children = (
				899F9B852470507600C9B18E /* ApiService.swift */,
			);
			path = network;
			sourceTree = "<group>";
		};
		899F9B8424704FDE00C9B18E /* app */ = {
			isa = PBXGroup;
			children = (
				899F9B6A2470476D00C9B18E /* AppDelegate.swift */,
				899F9B6C2470476D00C9B18E /* SceneDelegate.swift */,
			);
			path = app;
			sourceTree = "<group>";
		};
		899F9B872470556200C9B18E /* external */ = {
			isa = PBXGroup;
			children = (
				899F9B882470557100C9B18E /* Helper.swift */,
			);
			path = external;
			sourceTree = "<group>";
		};
/* End PBXGroup section */

/* Begin PBXNativeTarget section */
		899F9B662470476D00C9B18E /* Final Project Dicoding */ = {
			isa = PBXNativeTarget;
			buildConfigurationList = 899F9B7B2470477000C9B18E /* Build configuration list for PBXNativeTarget "Final Project Dicoding" */;
			buildPhases = (
				899F9B632470476D00C9B18E /* Sources */,
				899F9B642470476D00C9B18E /* Frameworks */,
				899F9B652470476D00C9B18E /* Resources */,
			);
			buildRules = (
			);
			dependencies = (
			);
			name = "Final Project Dicoding";
			productName = "Final Project Dicoding";
			productReference = 899F9B672470476D00C9B18E /* Final Project Dicoding.app */;
			productType = "com.apple.product-type.application";
		};
/* End PBXNativeTarget section */

/* Begin PBXProject section */
		899F9B5F2470476D00C9B18E /* Project object */ = {
			isa = PBXProject;
			attributes = {
				LastSwiftUpdateCheck = 1140;
				LastUpgradeCheck = 1140;
				ORGANIZATIONNAME = "Wahyu Permadi";
				TargetAttributes = {
					899F9B662470476D00C9B18E = {
						CreatedOnToolsVersion = 11.4.1;
					};
				};
			};
			buildConfigurationList = 899F9B622470476D00C9B18E /* Build configuration list for PBXProject "Final Project Dicoding" */;
			compatibilityVersion = "Xcode 9.3";
			developmentRegion = en;
			hasScannedForEncodings = 0;
			knownRegions = (
				en,
				Base,
			);
			mainGroup = 899F9B5E2470476D00C9B18E;
			productRefGroup = 899F9B682470476D00C9B18E /* Products */;
			projectDirPath = "";
			projectRoot = "";
			targets = (
				899F9B662470476D00C9B18E /* Final Project Dicoding */,
			);
		};
/* End PBXProject section */

/* Begin PBXResourcesBuildPhase section */
		899F9B652470476D00C9B18E /* Resources */ = {
			isa = PBXResourcesBuildPhase;
			buildActionMask = 2147483647;
			files = (
				899F9B772470477000C9B18E /* LaunchScreen.storyboard in Resources */,
				899F9B742470477000C9B18E /* Preview Assets.xcassets in Resources */,
				899F9B712470477000C9B18E /* Assets.xcassets in Resources */,
			);
			runOnlyForDeploymentPostprocessing = 0;
		};
/* End PBXResourcesBuildPhase section */

/* Begin PBXSourcesBuildPhase section */
		899F9B632470476D00C9B18E /* Sources */ = {
			isa = PBXSourcesBuildPhase;
			buildActionMask = 2147483647;
			files = (
				899366C42470720C00E7AC50 /* MovieItem.swift in Sources */,
				899F9B6B2470476D00C9B18E /* AppDelegate.swift in Sources */,
				899F9B862470507600C9B18E /* ApiService.swift in Sources */,
				899366BF2470653C00E7AC50 /* PopularMovieViewModel.swift in Sources */,
				899366C2247071AA00E7AC50 /* ActivityIndicatorView.swift in Sources */,
				899F9B8324704CAC00C9B18E /* MovieResponse.swift in Sources */,
				899F9B6D2470476D00C9B18E /* SceneDelegate.swift in Sources */,
				899F9B6F2470476D00C9B18E /* ContentView.swift in Sources */,
				899F9B892470557100C9B18E /* Helper.swift in Sources */,
			);
			runOnlyForDeploymentPostprocessing = 0;
		};
/* End PBXSourcesBuildPhase section */

/* Begin PBXVariantGroup section */
		899F9B752470477000C9B18E /* LaunchScreen.storyboard */ = {
			isa = PBXVariantGroup;
			children = (
				899F9B762470477000C9B18E /* Base */,
			);
			name = LaunchScreen.storyboard;
			sourceTree = "<group>";
		};
/* End PBXVariantGroup section */

/* Begin XCBuildConfiguration section */
		899F9B792470477000C9B18E /* Debug */ = {
			isa = XCBuildConfiguration;
			buildSettings = {
				ALWAYS_SEARCH_USER_PATHS = NO;
				CLANG_ANALYZER_NONNULL = YES;
				CLANG_ANALYZER_NUMBER_OBJECT_CONVERSION = YES_AGGRESSIVE;
				CLANG_CXX_LANGUAGE_STANDARD = "gnu++14";
				CLANG_CXX_LIBRARY = "libc++";
				CLANG_ENABLE_MODULES = YES;
				CLANG_ENABLE_OBJC_ARC = YES;
				CLANG_ENABLE_OBJC_WEAK = YES;
				CLANG_WARN_BLOCK_CAPTURE_AUTORELEASING = YES;
				CLANG_WARN_BOOL_CONVERSION = YES;
				CLANG_WARN_COMMA = YES;
				CLANG_WARN_CONSTANT_CONVERSION = YES;
				CLANG_WARN_DEPRECATED_OBJC_IMPLEMENTATIONS = YES;
				CLANG_WARN_DIRECT_OBJC_ISA_USAGE = YES_ERROR;
				CLANG_WARN_DOCUMENTATION_COMMENTS = YES;
				CLANG_WARN_EMPTY_BODY = YES;
				CLANG_WARN_ENUM_CONVERSION = YES;
				CLANG_WARN_INFINITE_RECURSION = YES;
				CLANG_WARN_INT_CONVERSION = YES;
				CLANG_WARN_NON_LITERAL_NULL_CONVERSION = YES;
				CLANG_WARN_OBJC_IMPLICIT_RETAIN_SELF = YES;
				CLANG_WARN_OBJC_LITERAL_CONVERSION = YES;
				CLANG_WARN_OBJC_ROOT_CLASS = YES_ERROR;
				CLANG_WARN_RANGE_LOOP_ANALYSIS = YES;
				CLANG_WARN_STRICT_PROTOTYPES = YES;
				CLANG_WARN_SUSPICIOUS_MOVE = YES;
				CLANG_WARN_UNGUARDED_AVAILABILITY = YES_AGGRESSIVE;
				CLANG_WARN_UNREACHABLE_CODE = YES;
				CLANG_WARN__DUPLICATE_METHOD_MATCH = YES;
				COPY_PHASE_STRIP = NO;
				DEBUG_INFORMATION_FORMAT = dwarf;
				ENABLE_STRICT_OBJC_MSGSEND = YES;
				ENABLE_TESTABILITY = YES;
				GCC_C_LANGUAGE_STANDARD = gnu11;
				GCC_DYNAMIC_NO_PIC = NO;
				GCC_NO_COMMON_BLOCKS = YES;
				GCC_OPTIMIZATION_LEVEL = 0;
				GCC_PREPROCESSOR_DEFINITIONS = (
					"DEBUG=1",
					"$(inherited)",
				);
				GCC_WARN_64_TO_32_BIT_CONVERSION = YES;
				GCC_WARN_ABOUT_RETURN_TYPE = YES_ERROR;
				GCC_WARN_UNDECLARED_SELECTOR = YES;
				GCC_WARN_UNINITIALIZED_AUTOS = YES_AGGRESSIVE;
				GCC_WARN_UNUSED_FUNCTION = YES;
				GCC_WARN_UNUSED_VARIABLE = YES;
				IPHONEOS_DEPLOYMENT_TARGET = 13.4;
				MTL_ENABLE_DEBUG_INFO = INCLUDE_SOURCE;
				MTL_FAST_MATH = YES;
				ONLY_ACTIVE_ARCH = YES;
				SDKROOT = iphoneos;
				SWIFT_ACTIVE_COMPILATION_CONDITIONS = DEBUG;
				SWIFT_OPTIMIZATION_LEVEL = "-Onone";
			};
			name = Debug;
		};
		899F9B7A2470477000C9B18E /* Release */ = {
			isa = XCBuildConfiguration;
			buildSettings = {
				ALWAYS_SEARCH_USER_PATHS = NO;
				CLANG_ANALYZER_NONNULL = YES;
				CLANG_ANALYZER_NUMBER_OBJECT_CONVERSION = YES_AGGRESSIVE;
				CLANG_CXX_LANGUAGE_STANDARD = "gnu++14";
				CLANG_CXX_LIBRARY = "libc++";
				CLANG_ENABLE_MODULES = YES;
				CLANG_ENABLE_OBJC_ARC = YES;
				CLANG_ENABLE_OBJC_WEAK = YES;
				CLANG_WARN_BLOCK_CAPTURE_AUTORELEASING = YES;
				CLANG_WARN_BOOL_CONVERSION = YES;
				CLANG_WARN_COMMA = YES;
				CLANG_WARN_CONSTANT_CONVERSION = YES;
				CLANG_WARN_DEPRECATED_OBJC_IMPLEMENTATIONS = YES;
				CLANG_WARN_DIRECT_OBJC_ISA_USAGE = YES_ERROR;
				CLANG_WARN_DOCUMENTATION_COMMENTS = YES;
				CLANG_WARN_EMPTY_BODY = YES;
				CLANG_WARN_ENUM_CONVERSION = YES;
				CLANG_WARN_INFINITE_RECURSION = YES;
				CLANG_WARN_INT_CONVERSION = YES;
				CLANG_WARN_NON_LITERAL_NULL_CONVERSION = YES;
				CLANG_WARN_OBJC_IMPLICIT_RETAIN_SELF = YES;
				CLANG_WARN_OBJC_LITERAL_CONVERSION = YES;
				CLANG_WARN_OBJC_ROOT_CLASS = YES_ERROR;
				CLANG_WARN_RANGE_LOOP_ANALYSIS = YES;
				CLANG_WARN_STRICT_PROTOTYPES = YES;
				CLANG_WARN_SUSPICIOUS_MOVE = YES;
				CLANG_WARN_UNGUARDED_AVAILABILITY = YES_AGGRESSIVE;
				CLANG_WARN_UNREACHABLE_CODE = YES;
				CLANG_WARN__DUPLICATE_METHOD_MATCH = YES;
				COPY_PHASE_STRIP = NO;
				DEBUG_INFORMATION_FORMAT = "dwarf-with-dsym";
				ENABLE_NS_ASSERTIONS = NO;
				ENABLE_STRICT_OBJC_MSGSEND = YES;
				GCC_C_LANGUAGE_STANDARD = gnu11;
				GCC_NO_COMMON_BLOCKS = YES;
				GCC_WARN_64_TO_32_BIT_CONVERSION = YES;
				GCC_WARN_ABOUT_RETURN_TYPE = YES_ERROR;
				GCC_WARN_UNDECLARED_SELECTOR = YES;
				GCC_WARN_UNINITIALIZED_AUTOS = YES_AGGRESSIVE;
				GCC_WARN_UNUSED_FUNCTION = YES;
				GCC_WARN_UNUSED_VARIABLE = YES;
				IPHONEOS_DEPLOYMENT_TARGET = 13.4;
				MTL_ENABLE_DEBUG_INFO = NO;
				MTL_FAST_MATH = YES;
				SDKROOT = iphoneos;
				SWIFT_COMPILATION_MODE = wholemodule;
				SWIFT_OPTIMIZATION_LEVEL = "-O";
				VALIDATE_PRODUCT = YES;
			};
			name = Release;
		};
		899F9B7C2470477000C9B18E /* Debug */ = {
			isa = XCBuildConfiguration;
			buildSettings = {
				ASSETCATALOG_COMPILER_APPICON_NAME = AppIcon;
				CODE_SIGN_STYLE = Automatic;
				DEVELOPMENT_ASSET_PATHS = "\"Final Project Dicoding/Preview Content\"";
				DEVELOPMENT_TEAM = JM56TAFZR9;
				ENABLE_PREVIEWS = YES;
				INFOPLIST_FILE = "Final Project Dicoding/Info.plist";
				LD_RUNPATH_SEARCH_PATHS = (
					"$(inherited)",
					"@executable_path/Frameworks",
				);
				PRODUCT_BUNDLE_IDENTIFIER = "com.wahyu.Final-Project-Dicoding";
				PRODUCT_NAME = "$(TARGET_NAME)";
				SWIFT_VERSION = 5.0;
				TARGETED_DEVICE_FAMILY = "1,2";
			};
			name = Debug;
		};
		899F9B7D2470477000C9B18E /* Release */ = {
			isa = XCBuildConfiguration;
			buildSettings = {
				ASSETCATALOG_COMPILER_APPICON_NAME = AppIcon;
				CODE_SIGN_STYLE = Automatic;
				DEVELOPMENT_ASSET_PATHS = "\"Final Project Dicoding/Preview Content\"";
				DEVELOPMENT_TEAM = JM56TAFZR9;
				ENABLE_PREVIEWS = YES;
				INFOPLIST_FILE = "Final Project Dicoding/Info.plist";
				LD_RUNPATH_SEARCH_PATHS = (
					"$(inherited)",
					"@executable_path/Frameworks",
				);
				PRODUCT_BUNDLE_IDENTIFIER = "com.wahyu.Final-Project-Dicoding";
				PRODUCT_NAME = "$(TARGET_NAME)";
				SWIFT_VERSION = 5.0;
				TARGETED_DEVICE_FAMILY = "1,2";
			};
			name = Release;
		};
/* End XCBuildConfiguration section */

/* Begin XCConfigurationList section */
		899F9B622470476D00C9B18E /* Build configuration list for PBXProject "Final Project Dicoding" */ = {
			isa = XCConfigurationList;
			buildConfigurations = (
				899F9B792470477000C9B18E /* Debug */,
				899F9B7A2470477000C9B18E /* Release */,
			);
			defaultConfigurationIsVisible = 0;
			defaultConfigurationName = Release;
		};
		899F9B7B2470477000C9B18E /* Build configuration list for PBXNativeTarget "Final Project Dicoding" */ = {
			isa = XCConfigurationList;
			buildConfigurations = (
				899F9B7C2470477000C9B18E /* Debug */,
				899F9B7D2470477000C9B18E /* Release */,
			);
			defaultConfigurationIsVisible = 0;
			defaultConfigurationName = Release;
		};
/* End XCConfigurationList section */
	};
	rootObject = 899F9B5F2470476D00C9B18E /* Project object */;
}
